{
    "name": "vscode-extension-jekyll-kw",
    "version": "0.0.1",
    "lockfileVersion": 2,
    "requires": true,
    "packages": {
        "": {
            "name": "vscode-extension-jekyll-kw",
            "version": "0.0.1",
            "engines": {
                "vscode": "^1.59.0"
            }
        }
    }
}
